// !$*UTF8*$!
{
	archiveVersion = 1;
	classes = {
	};
	objectVersion = 50;
	objects = {

/* Begin PBXBuildFile section */
		76A637EF268FE9E80013273A /* main.swift in Sources */ = {isa = PBXBuildFile; fileRef = 76A637EE268FE9E80013273A /* main.swift */; };
		76A637FB2691AFFF0013273A /* main.swift in Sources */ = {isa = PBXBuildFile; fileRef = 76A637FA2691AFFF0013273A /* main.swift */; };
		76A6380726930A890013273A /* main.swift in Sources */ = {isa = PBXBuildFile; fileRef = 76A6380626930A890013273A /* main.swift */; };
		76CFC8D1268C531A00AACDE4 /* main.swift in Sources */ = {isa = PBXBuildFile; fileRef = 76CFC8D0268C531A00AACDE4 /* main.swift */; };
		76CFC8E8268C823700AACDE4 /* main.swift in Sources */ = {isa = PBXBuildFile; fileRef = 76CFC8E7268C823700AACDE4 /* main.swift */; };
		76CFC8F4268D498900AACDE4 /* main.swift in Sources */ = {isa = PBXBuildFile; fileRef = 76CFC8F3268D498900AACDE4 /* main.swift */; };
/* End PBXBuildFile section */

/* Begin PBXCopyFilesBuildPhase section */
		76A637EA268FE9E80013273A /* CopyFiles */ = {
			isa = PBXCopyFilesBuildPhase;
			buildActionMask = 2147483647;
			dstPath = /usr/share/man/man1/;
			dstSubfolderSpec = 0;
			files = (
			);
			runOnlyForDeploymentPostprocessing = 1;
		};
		76A637F62691AFFF0013273A /* CopyFiles */ = {
			isa = PBXCopyFilesBuildPhase;
			buildActionMask = 2147483647;
			dstPath = /usr/share/man/man1/;
			dstSubfolderSpec = 0;
			files = (
			);
			runOnlyForDeploymentPostprocessing = 1;
		};
		76A6380226930A890013273A /* CopyFiles */ = {
			isa = PBXCopyFilesBuildPhase;
			buildActionMask = 2147483647;
			dstPath = /usr/share/man/man1/;
			dstSubfolderSpec = 0;
			files = (
			);
			runOnlyForDeploymentPostprocessing = 1;
		};
		76CFC8CC268C531A00AACDE4 /* CopyFiles */ = {
			isa = PBXCopyFilesBuildPhase;
			buildActionMask = 2147483647;
			dstPath = /usr/share/man/man1/;
			dstSubfolderSpec = 0;
			files = (
			);
			runOnlyForDeploymentPostprocessing = 1;
		};
		76CFC8E3268C823700AACDE4 /* CopyFiles */ = {
			isa = PBXCopyFilesBuildPhase;
			buildActionMask = 2147483647;
			dstPath = /usr/share/man/man1/;
			dstSubfolderSpec = 0;
			files = (
			);
			runOnlyForDeploymentPostprocessing = 1;
		};
		76CFC8EF268D498900AACDE4 /* CopyFiles */ = {
			isa = PBXCopyFilesBuildPhase;
			buildActionMask = 2147483647;
			dstPath = /usr/share/man/man1/;
			dstSubfolderSpec = 0;
			files = (
			);
			runOnlyForDeploymentPostprocessing = 1;
		};
/* End PBXCopyFilesBuildPhase section */

/* Begin PBXFileReference section */
		76A637EC268FE9E80013273A /* 예산 */ = {isa = PBXFileReference; explicitFileType = "compiled.mach-o.executable"; includeInIndex = 0; path = "예산"; sourceTree = BUILT_PRODUCTS_DIR; };
		76A637EE268FE9E80013273A /* main.swift */ = {isa = PBXFileReference; lastKnownFileType = sourcecode.swift; name = main.swift; path = "../예산/main.swift"; sourceTree = "<group>"; };
		76A637F3268FF15F0013273A /* README.md */ = {isa = PBXFileReference; lastKnownFileType = net.daringfireball.markdown; name = README.md; path = "예산/README.md"; sourceTree = SOURCE_ROOT; };
		76A637F82691AFFF0013273A /* 가운데 글자 가져오기 */ = {isa = PBXFileReference; explicitFileType = "compiled.mach-o.executable"; includeInIndex = 0; path = "가운데 글자 가져오기"; sourceTree = BUILT_PRODUCTS_DIR; };
		76A637FA2691AFFF0013273A /* main.swift */ = {isa = PBXFileReference; lastKnownFileType = sourcecode.swift; name = main.swift; path = "../가운데 글자 가져오기/main.swift"; sourceTree = "<group>"; };
		76A637FF2691B7310013273A /* README.md */ = {isa = PBXFileReference; lastKnownFileType = net.daringfireball.markdown; name = README.md; path = "가운데 글자 가져오기/README.md"; sourceTree = SOURCE_ROOT; };
		76A6380426930A890013273A /* 키패드 누르기 */ = {isa = PBXFileReference; explicitFileType = "compiled.mach-o.executable"; includeInIndex = 0; path = "키패드 누르기"; sourceTree = BUILT_PRODUCTS_DIR; };
		76A6380626930A890013273A /* main.swift */ = {isa = PBXFileReference; lastKnownFileType = sourcecode.swift; name = main.swift; path = "../키패드 누르기/main.swift"; sourceTree = "<group>"; };
		76A6380B26934FD30013273A /* README.md */ = {isa = PBXFileReference; lastKnownFileType = net.daringfireball.markdown; name = README.md; path = "키패드 누르기/README.md"; sourceTree = SOURCE_ROOT; };
		76CFC8CE268C531A00AACDE4 /* 내적 */ = {isa = PBXFileReference; explicitFileType = "compiled.mach-o.executable"; includeInIndex = 0; path = "내적"; sourceTree = BUILT_PRODUCTS_DIR; };
		76CFC8D0268C531A00AACDE4 /* main.swift */ = {isa = PBXFileReference; lastKnownFileType = sourcecode.swift; name = main.swift; path = "../내적/main.swift"; sourceTree = "<group>"; };
		76CFC8D5268C535D00AACDE4 /* README.md */ = {isa = PBXFileReference; lastKnownFileType = net.daringfireball.markdown; name = README.md; path = "내적/README.md"; sourceTree = SOURCE_ROOT; };
		76CFC8E5268C823700AACDE4 /* 소수만들기 */ = {isa = PBXFileReference; explicitFileType = "compiled.mach-o.executable"; includeInIndex = 0; path = "소수만들기"; sourceTree = BUILT_PRODUCTS_DIR; };
		76CFC8E7268C823700AACDE4 /* main.swift */ = {isa = PBXFileReference; lastKnownFileType = sourcecode.swift; name = main.swift; path = "../소수만들기/main.swift"; sourceTree = "<group>"; };
		76CFC8EC268C854800AACDE4 /* README.md */ = {isa = PBXFileReference; lastKnownFileType = net.daringfireball.markdown; name = README.md; path = "소수만들기/README.md"; sourceTree = SOURCE_ROOT; };
		76CFC8F1268D498900AACDE4 /* 모의고사 */ = {isa = PBXFileReference; explicitFileType = "compiled.mach-o.executable"; includeInIndex = 0; path = "모의고사"; sourceTree = BUILT_PRODUCTS_DIR; };
		76CFC8F3268D498900AACDE4 /* main.swift */ = {isa = PBXFileReference; lastKnownFileType = sourcecode.swift; name = main.swift; path = "../모의고사/main.swift"; sourceTree = "<group>"; };
		76CFC8F8268D60F900AACDE4 /* README.md */ = {isa = PBXFileReference; lastKnownFileType = net.daringfireball.markdown; name = README.md; path = "모의고사/README.md"; sourceTree = SOURCE_ROOT; };
/* End PBXFileReference section */

/* Begin PBXFrameworksBuildPhase section */
		76A637E9268FE9E80013273A /* Frameworks */ = {
			isa = PBXFrameworksBuildPhase;
			buildActionMask = 2147483647;
			files = (
			);
			runOnlyForDeploymentPostprocessing = 0;
		};
		76A637F52691AFFF0013273A /* Frameworks */ = {
			isa = PBXFrameworksBuildPhase;
			buildActionMask = 2147483647;
			files = (
			);
			runOnlyForDeploymentPostprocessing = 0;
		};
		76A6380126930A890013273A /* Frameworks */ = {
			isa = PBXFrameworksBuildPhase;
			buildActionMask = 2147483647;
			files = (
			);
			runOnlyForDeploymentPostprocessing = 0;
		};
		76CFC8CB268C531A00AACDE4 /* Frameworks */ = {
			isa = PBXFrameworksBuildPhase;
			buildActionMask = 2147483647;
			files = (
			);
			runOnlyForDeploymentPostprocessing = 0;
		};
		76CFC8E2268C823700AACDE4 /* Frameworks */ = {
			isa = PBXFrameworksBuildPhase;
			buildActionMask = 2147483647;
			files = (
			);
			runOnlyForDeploymentPostprocessing = 0;
		};
		76CFC8EE268D498900AACDE4 /* Frameworks */ = {
			isa = PBXFrameworksBuildPhase;
			buildActionMask = 2147483647;
			files = (
			);
			runOnlyForDeploymentPostprocessing = 0;
		};
/* End PBXFrameworksBuildPhase section */

/* Begin PBXGroup section */
		76A637ED268FE9E80013273A /* 예산 */ = {
			isa = PBXGroup;
			children = (
				76A637EE268FE9E80013273A /* main.swift */,
				76A637F3268FF15F0013273A /* README.md */,
			);
			path = "예산";
			sourceTree = "<group>";
		};
		76A637F92691AFFF0013273A /* 가운데 글자 가져오기 */ = {
			isa = PBXGroup;
			children = (
				76A637FA2691AFFF0013273A /* main.swift */,
				76A637FF2691B7310013273A /* README.md */,
			);
			path = "가운데 글자 가져오기";
			sourceTree = "<group>";
		};
		76A6380526930A890013273A /* 키패드 누르기 */ = {
			isa = PBXGroup;
			children = (
				76A6380626930A890013273A /* main.swift */,
				76A6380B26934FD30013273A /* README.md */,
			);
			path = "키패드 누르기";
			sourceTree = "<group>";
		};
		76CFC8A9268C520100AACDE4 = {
			isa = PBXGroup;
			children = (
				76CFC8CF268C531A00AACDE4 /* 내적 */,
				76CFC8E6268C823700AACDE4 /* 소수만들기 */,
				76CFC8F2268D498900AACDE4 /* 모의고사 */,
				76A637ED268FE9E80013273A /* 예산 */,
				76A637F92691AFFF0013273A /* 가운데 글자 가져오기 */,
				76A6380526930A890013273A /* 키패드 누르기 */,
				76CFC8B3268C520200AACDE4 /* Products */,
			);
			sourceTree = "<group>";
		};
		76CFC8B3268C520200AACDE4 /* Products */ = {
			isa = PBXGroup;
			children = (
				76CFC8CE268C531A00AACDE4 /* 내적 */,
				76CFC8E5268C823700AACDE4 /* 소수만들기 */,
				76CFC8F1268D498900AACDE4 /* 모의고사 */,
				76A637EC268FE9E80013273A /* 예산 */,
				76A637F82691AFFF0013273A /* 가운데 글자 가져오기 */,
				76A6380426930A890013273A /* 키패드 누르기 */,
			);
			name = Products;
			sourceTree = "<group>";
		};
		76CFC8CF268C531A00AACDE4 /* 내적 */ = {
			isa = PBXGroup;
			children = (
				76CFC8D0268C531A00AACDE4 /* main.swift */,
				76CFC8D5268C535D00AACDE4 /* README.md */,
			);
			path = "내적";
			sourceTree = "<group>";
		};
		76CFC8E6268C823700AACDE4 /* 소수만들기 */ = {
			isa = PBXGroup;
			children = (
				76CFC8E7268C823700AACDE4 /* main.swift */,
				76CFC8EC268C854800AACDE4 /* README.md */,
			);
			path = "소수만들기";
			sourceTree = "<group>";
		};
		76CFC8F2268D498900AACDE4 /* 모의고사 */ = {
			isa = PBXGroup;
			children = (
				76CFC8F3268D498900AACDE4 /* main.swift */,
				76CFC8F8268D60F900AACDE4 /* README.md */,
			);
			path = "모의고사";
			sourceTree = "<group>";
		};
/* End PBXGroup section */

/* Begin PBXNativeTarget section */
		76A637EB268FE9E80013273A /* 예산 */ = {
			isa = PBXNativeTarget;
			buildConfigurationList = 76A637F2268FE9E80013273A /* Build configuration list for PBXNativeTarget "예산" */;
			buildPhases = (
				76A637E8268FE9E80013273A /* Sources */,
				76A637E9268FE9E80013273A /* Frameworks */,
				76A637EA268FE9E80013273A /* CopyFiles */,
			);
			buildRules = (
			);
			dependencies = (
			);
			name = "예산";
			productName = "예산";
			productReference = 76A637EC268FE9E80013273A /* 예산 */;
			productType = "com.apple.product-type.tool";
		};
		76A637F72691AFFF0013273A /* 가운데 글자 가져오기 */ = {
			isa = PBXNativeTarget;
			buildConfigurationList = 76A637FE2691AFFF0013273A /* Build configuration list for PBXNativeTarget "가운데 글자 가져오기" */;
			buildPhases = (
				76A637F42691AFFF0013273A /* Sources */,
				76A637F52691AFFF0013273A /* Frameworks */,
				76A637F62691AFFF0013273A /* CopyFiles */,
			);
			buildRules = (
			);
			dependencies = (
			);
			name = "가운데 글자 가져오기";
			productName = "가운데 글자 가져오기";
			productReference = 76A637F82691AFFF0013273A /* 가운데 글자 가져오기 */;
			productType = "com.apple.product-type.tool";
		};
		76A6380326930A890013273A /* 키패드 누르기 */ = {
			isa = PBXNativeTarget;
			buildConfigurationList = 76A6380A26930A890013273A /* Build configuration list for PBXNativeTarget "키패드 누르기" */;
			buildPhases = (
				76A6380026930A890013273A /* Sources */,
				76A6380126930A890013273A /* Frameworks */,
				76A6380226930A890013273A /* CopyFiles */,
			);
			buildRules = (
			);
			dependencies = (
			);
			name = "키패드 누르기";
			productName = "키패드 누르기";
			productReference = 76A6380426930A890013273A /* 키패드 누르기 */;
			productType = "com.apple.product-type.tool";
		};
		76CFC8CD268C531A00AACDE4 /* 내적 */ = {
			isa = PBXNativeTarget;
			buildConfigurationList = 76CFC8D2268C531A00AACDE4 /* Build configuration list for PBXNativeTarget "내적" */;
			buildPhases = (
				76CFC8CA268C531A00AACDE4 /* Sources */,
				76CFC8CB268C531A00AACDE4 /* Frameworks */,
				76CFC8CC268C531A00AACDE4 /* CopyFiles */,
			);
			buildRules = (
			);
			dependencies = (
			);
			name = "내적";
			productName = "내적";
			productReference = 76CFC8CE268C531A00AACDE4 /* 내적 */;
			productType = "com.apple.product-type.tool";
		};
		76CFC8E4268C823700AACDE4 /* 소수만들기 */ = {
			isa = PBXNativeTarget;
			buildConfigurationList = 76CFC8E9268C823700AACDE4 /* Build configuration list for PBXNativeTarget "소수만들기" */;
			buildPhases = (
				76CFC8E1268C823700AACDE4 /* Sources */,
				76CFC8E2268C823700AACDE4 /* Frameworks */,
				76CFC8E3268C823700AACDE4 /* CopyFiles */,
			);
			buildRules = (
			);
			dependencies = (
			);
			name = "소수만들기";
			productName = "소수만들기";
			productReference = 76CFC8E5268C823700AACDE4 /* 소수만들기 */;
			productType = "com.apple.product-type.tool";
		};
		76CFC8F0268D498900AACDE4 /* 모의고사 */ = {
			isa = PBXNativeTarget;
			buildConfigurationList = 76CFC8F7268D498900AACDE4 /* Build configuration list for PBXNativeTarget "모의고사" */;
			buildPhases = (
				76CFC8ED268D498900AACDE4 /* Sources */,
				76CFC8EE268D498900AACDE4 /* Frameworks */,
				76CFC8EF268D498900AACDE4 /* CopyFiles */,
			);
			buildRules = (
			);
			dependencies = (
			);
			name = "모의고사";
			productName = "모의고사";
			productReference = 76CFC8F1268D498900AACDE4 /* 모의고사 */;
			productType = "com.apple.product-type.tool";
		};
/* End PBXNativeTarget section */

/* Begin PBXProject section */
		76CFC8AA268C520100AACDE4 /* Project object */ = {
			isa = PBXProject;
			attributes = {
				LastSwiftUpdateCheck = 1250;
				LastUpgradeCheck = 1250;
				TargetAttributes = {
					76A637EB268FE9E80013273A = {
						CreatedOnToolsVersion = 12.5.1;
					};
					76A637F72691AFFF0013273A = {
						CreatedOnToolsVersion = 12.5.1;
					};
					76A6380326930A890013273A = {
						CreatedOnToolsVersion = 12.5.1;
					};
					76CFC8CD268C531A00AACDE4 = {
						CreatedOnToolsVersion = 12.5.1;
					};
					76CFC8E4268C823700AACDE4 = {
						CreatedOnToolsVersion = 12.5.1;
					};
					76CFC8F0268D498900AACDE4 = {
						CreatedOnToolsVersion = 12.5.1;
					};
				};
			};
			buildConfigurationList = 76CFC8AD268C520100AACDE4 /* Build configuration list for PBXProject "Swift Algorithm" */;
			compatibilityVersion = "Xcode 9.3";
			developmentRegion = en;
			hasScannedForEncodings = 0;
			knownRegions = (
				en,
				Base,
			);
			mainGroup = 76CFC8A9268C520100AACDE4;
			productRefGroup = 76CFC8B3268C520200AACDE4 /* Products */;
			projectDirPath = "";
			projectRoot = "";
			targets = (
				76CFC8CD268C531A00AACDE4 /* 내적 */,
				76CFC8E4268C823700AACDE4 /* 소수만들기 */,
				76CFC8F0268D498900AACDE4 /* 모의고사 */,
				76A637EB268FE9E80013273A /* 예산 */,
				76A637F72691AFFF0013273A /* 가운데 글자 가져오기 */,
				76A6380326930A890013273A /* 키패드 누르기 */,
			);
		};
/* End PBXProject section */

/* Begin PBXSourcesBuildPhase section */
		76A637E8268FE9E80013273A /* Sources */ = {
			isa = PBXSourcesBuildPhase;
			buildActionMask = 2147483647;
			files = (
				76A637EF268FE9E80013273A /* main.swift in Sources */,
			);
			runOnlyForDeploymentPostprocessing = 0;
		};
		76A637F42691AFFF0013273A /* Sources */ = {
			isa = PBXSourcesBuildPhase;
			buildActionMask = 2147483647;
			files = (
				76A637FB2691AFFF0013273A /* main.swift in Sources */,
			);
			runOnlyForDeploymentPostprocessing = 0;
		};
		76A6380026930A890013273A /* Sources */ = {
			isa = PBXSourcesBuildPhase;
			buildActionMask = 2147483647;
			files = (
				76A6380726930A890013273A /* main.swift in Sources */,
			);
			runOnlyForDeploymentPostprocessing = 0;
		};
		76CFC8CA268C531A00AACDE4 /* Sources */ = {
			isa = PBXSourcesBuildPhase;
			buildActionMask = 2147483647;
			files = (
				76CFC8D1268C531A00AACDE4 /* main.swift in Sources */,
			);
			runOnlyForDeploymentPostprocessing = 0;
		};
		76CFC8E1268C823700AACDE4 /* Sources */ = {
			isa = PBXSourcesBuildPhase;
			buildActionMask = 2147483647;
			files = (
				76CFC8E8268C823700AACDE4 /* main.swift in Sources */,
			);
			runOnlyForDeploymentPostprocessing = 0;
		};
		76CFC8ED268D498900AACDE4 /* Sources */ = {
			isa = PBXSourcesBuildPhase;
			buildActionMask = 2147483647;
			files = (
				76CFC8F4268D498900AACDE4 /* main.swift in Sources */,
			);
			runOnlyForDeploymentPostprocessing = 0;
		};
/* End PBXSourcesBuildPhase section */

/* Begin XCBuildConfiguration section */
		76A637F0268FE9E80013273A /* Debug */ = {
			isa = XCBuildConfiguration;
			buildSettings = {
				CODE_SIGN_STYLE = Automatic;
				DEVELOPMENT_TEAM = P9MW78T4QB;
				ENABLE_HARDENED_RUNTIME = YES;
				PRODUCT_NAME = "$(TARGET_NAME)";
				SWIFT_VERSION = 5.0;
			};
			name = Debug;
		};
		76A637F1268FE9E80013273A /* Release */ = {
			isa = XCBuildConfiguration;
			buildSettings = {
				CODE_SIGN_STYLE = Automatic;
				DEVELOPMENT_TEAM = P9MW78T4QB;
				ENABLE_HARDENED_RUNTIME = YES;
				PRODUCT_NAME = "$(TARGET_NAME)";
				SWIFT_VERSION = 5.0;
			};
			name = Release;
		};
		76A637FC2691AFFF0013273A /* Debug */ = {
			isa = XCBuildConfiguration;
			buildSettings = {
				CODE_SIGN_STYLE = Automatic;
				DEVELOPMENT_TEAM = P9MW78T4QB;
				ENABLE_HARDENED_RUNTIME = YES;
				PRODUCT_NAME = "$(TARGET_NAME)";
				SWIFT_VERSION = 5.0;
			};
			name = Debug;
		};
		76A637FD2691AFFF0013273A /* Release */ = {
			isa = XCBuildConfiguration;
			buildSettings = {
				CODE_SIGN_STYLE = Automatic;
				DEVELOPMENT_TEAM = P9MW78T4QB;
				ENABLE_HARDENED_RUNTIME = YES;
				PRODUCT_NAME = "$(TARGET_NAME)";
				SWIFT_VERSION = 5.0;
			};
			name = Release;
		};
		76A6380826930A890013273A /* Debug */ = {
			isa = XCBuildConfiguration;
			buildSettings = {
				CODE_SIGN_STYLE = Automatic;
				DEVELOPMENT_TEAM = P9MW78T4QB;
				ENABLE_HARDENED_RUNTIME = YES;
				PRODUCT_NAME = "$(TARGET_NAME)";
				SWIFT_VERSION = 5.0;
			};
			name = Debug;
		};
		76A6380926930A890013273A /* Release */ = {
			isa = XCBuildConfiguration;
			buildSettings = {
				CODE_SIGN_STYLE = Automatic;
				DEVELOPMENT_TEAM = P9MW78T4QB;
				ENABLE_HARDENED_RUNTIME = YES;
				PRODUCT_NAME = "$(TARGET_NAME)";
				SWIFT_VERSION = 5.0;
			};
			name = Release;
		};
		76CFC8B7268C520200AACDE4 /* Debug */ = {
			isa = XCBuildConfiguration;
			buildSettings = {
				ALWAYS_SEARCH_USER_PATHS = NO;
				CLANG_ANALYZER_NONNULL = YES;
				CLANG_ANALYZER_NUMBER_OBJECT_CONVERSION = YES_AGGRESSIVE;
				CLANG_CXX_LANGUAGE_STANDARD = "gnu++14";
				CLANG_CXX_LIBRARY = "libc++";
				CLANG_ENABLE_MODULES = YES;
				CLANG_ENABLE_OBJC_ARC = YES;
				CLANG_ENABLE_OBJC_WEAK = YES;
				CLANG_WARN_BLOCK_CAPTURE_AUTORELEASING = YES;
				CLANG_WARN_BOOL_CONVERSION = YES;
				CLANG_WARN_COMMA = YES;
				CLANG_WARN_CONSTANT_CONVERSION = YES;
				CLANG_WARN_DEPRECATED_OBJC_IMPLEMENTATIONS = YES;
				CLANG_WARN_DIRECT_OBJC_ISA_USAGE = YES_ERROR;
				CLANG_WARN_DOCUMENTATION_COMMENTS = YES;
				CLANG_WARN_EMPTY_BODY = YES;
				CLANG_WARN_ENUM_CONVERSION = YES;
				CLANG_WARN_INFINITE_RECURSION = YES;
				CLANG_WARN_INT_CONVERSION = YES;
				CLANG_WARN_NON_LITERAL_NULL_CONVERSION = YES;
				CLANG_WARN_OBJC_IMPLICIT_RETAIN_SELF = YES;
				CLANG_WARN_OBJC_LITERAL_CONVERSION = YES;
				CLANG_WARN_OBJC_ROOT_CLASS = YES_ERROR;
				CLANG_WARN_QUOTED_INCLUDE_IN_FRAMEWORK_HEADER = YES;
				CLANG_WARN_RANGE_LOOP_ANALYSIS = YES;
				CLANG_WARN_STRICT_PROTOTYPES = YES;
				CLANG_WARN_SUSPICIOUS_MOVE = YES;
				CLANG_WARN_UNGUARDED_AVAILABILITY = YES_AGGRESSIVE;
				CLANG_WARN_UNREACHABLE_CODE = YES;
				CLANG_WARN__DUPLICATE_METHOD_MATCH = YES;
				COPY_PHASE_STRIP = NO;
				DEBUG_INFORMATION_FORMAT = dwarf;
				ENABLE_STRICT_OBJC_MSGSEND = YES;
				ENABLE_TESTABILITY = YES;
				GCC_C_LANGUAGE_STANDARD = gnu11;
				GCC_DYNAMIC_NO_PIC = NO;
				GCC_NO_COMMON_BLOCKS = YES;
				GCC_OPTIMIZATION_LEVEL = 0;
				GCC_PREPROCESSOR_DEFINITIONS = (
					"DEBUG=1",
					"$(inherited)",
				);
				GCC_WARN_64_TO_32_BIT_CONVERSION = YES;
				GCC_WARN_ABOUT_RETURN_TYPE = YES_ERROR;
				GCC_WARN_UNDECLARED_SELECTOR = YES;
				GCC_WARN_UNINITIALIZED_AUTOS = YES_AGGRESSIVE;
				GCC_WARN_UNUSED_FUNCTION = YES;
				GCC_WARN_UNUSED_VARIABLE = YES;
				MACOSX_DEPLOYMENT_TARGET = 11.3;
				MTL_ENABLE_DEBUG_INFO = INCLUDE_SOURCE;
				MTL_FAST_MATH = YES;
				ONLY_ACTIVE_ARCH = YES;
				SDKROOT = macosx;
				SWIFT_ACTIVE_COMPILATION_CONDITIONS = DEBUG;
				SWIFT_OPTIMIZATION_LEVEL = "-Onone";
			};
			name = Debug;
		};
		76CFC8B8268C520200AACDE4 /* Release */ = {
			isa = XCBuildConfiguration;
			buildSettings = {
				ALWAYS_SEARCH_USER_PATHS = NO;
				CLANG_ANALYZER_NONNULL = YES;
				CLANG_ANALYZER_NUMBER_OBJECT_CONVERSION = YES_AGGRESSIVE;
				CLANG_CXX_LANGUAGE_STANDARD = "gnu++14";
				CLANG_CXX_LIBRARY = "libc++";
				CLANG_ENABLE_MODULES = YES;
				CLANG_ENABLE_OBJC_ARC = YES;
				CLANG_ENABLE_OBJC_WEAK = YES;
				CLANG_WARN_BLOCK_CAPTURE_AUTORELEASING = YES;
				CLANG_WARN_BOOL_CONVERSION = YES;
				CLANG_WARN_COMMA = YES;
				CLANG_WARN_CONSTANT_CONVERSION = YES;
				CLANG_WARN_DEPRECATED_OBJC_IMPLEMENTATIONS = YES;
				CLANG_WARN_DIRECT_OBJC_ISA_USAGE = YES_ERROR;
				CLANG_WARN_DOCUMENTATION_COMMENTS = YES;
				CLANG_WARN_EMPTY_BODY = YES;
				CLANG_WARN_ENUM_CONVERSION = YES;
				CLANG_WARN_INFINITE_RECURSION = YES;
				CLANG_WARN_INT_CONVERSION = YES;
				CLANG_WARN_NON_LITERAL_NULL_CONVERSION = YES;
				CLANG_WARN_OBJC_IMPLICIT_RETAIN_SELF = YES;
				CLANG_WARN_OBJC_LITERAL_CONVERSION = YES;
				CLANG_WARN_OBJC_ROOT_CLASS = YES_ERROR;
				CLANG_WARN_QUOTED_INCLUDE_IN_FRAMEWORK_HEADER = YES;
				CLANG_WARN_RANGE_LOOP_ANALYSIS = YES;
				CLANG_WARN_STRICT_PROTOTYPES = YES;
				CLANG_WARN_SUSPICIOUS_MOVE = YES;
				CLANG_WARN_UNGUARDED_AVAILABILITY = YES_AGGRESSIVE;
				CLANG_WARN_UNREACHABLE_CODE = YES;
				CLANG_WARN__DUPLICATE_METHOD_MATCH = YES;
				COPY_PHASE_STRIP = NO;
				DEBUG_INFORMATION_FORMAT = "dwarf-with-dsym";
				ENABLE_NS_ASSERTIONS = NO;
				ENABLE_STRICT_OBJC_MSGSEND = YES;
				GCC_C_LANGUAGE_STANDARD = gnu11;
				GCC_NO_COMMON_BLOCKS = YES;
				GCC_WARN_64_TO_32_BIT_CONVERSION = YES;
				GCC_WARN_ABOUT_RETURN_TYPE = YES_ERROR;
				GCC_WARN_UNDECLARED_SELECTOR = YES;
				GCC_WARN_UNINITIALIZED_AUTOS = YES_AGGRESSIVE;
				GCC_WARN_UNUSED_FUNCTION = YES;
				GCC_WARN_UNUSED_VARIABLE = YES;
				MACOSX_DEPLOYMENT_TARGET = 11.3;
				MTL_ENABLE_DEBUG_INFO = NO;
				MTL_FAST_MATH = YES;
				SDKROOT = macosx;
				SWIFT_COMPILATION_MODE = wholemodule;
				SWIFT_OPTIMIZATION_LEVEL = "-O";
			};
			name = Release;
		};
		76CFC8D3268C531A00AACDE4 /* Debug */ = {
			isa = XCBuildConfiguration;
			buildSettings = {
				CODE_SIGN_STYLE = Automatic;
				DEVELOPMENT_TEAM = P9MW78T4QB;
				ENABLE_HARDENED_RUNTIME = YES;
				PRODUCT_NAME = "$(TARGET_NAME)";
				SWIFT_VERSION = 5.0;
			};
			name = Debug;
		};
		76CFC8D4268C531A00AACDE4 /* Release */ = {
			isa = XCBuildConfiguration;
			buildSettings = {
				CODE_SIGN_STYLE = Automatic;
				DEVELOPMENT_TEAM = P9MW78T4QB;
				ENABLE_HARDENED_RUNTIME = YES;
				PRODUCT_NAME = "$(TARGET_NAME)";
				SWIFT_VERSION = 5.0;
			};
			name = Release;
		};
		76CFC8EA268C823700AACDE4 /* Debug */ = {
			isa = XCBuildConfiguration;
			buildSettings = {
				CODE_SIGN_STYLE = Automatic;
				DEVELOPMENT_TEAM = P9MW78T4QB;
				ENABLE_HARDENED_RUNTIME = YES;
				PRODUCT_NAME = "$(TARGET_NAME)";
				SWIFT_VERSION = 5.0;
			};
			name = Debug;
		};
		76CFC8EB268C823700AACDE4 /* Release */ = {
			isa = XCBuildConfiguration;
			buildSettings = {
				CODE_SIGN_STYLE = Automatic;
				DEVELOPMENT_TEAM = P9MW78T4QB;
				ENABLE_HARDENED_RUNTIME = YES;
				PRODUCT_NAME = "$(TARGET_NAME)";
				SWIFT_VERSION = 5.0;
			};
			name = Release;
		};
		76CFC8F5268D498900AACDE4 /* Debug */ = {
			isa = XCBuildConfiguration;
			buildSettings = {
				CODE_SIGN_STYLE = Automatic;
				DEVELOPMENT_TEAM = P9MW78T4QB;
				ENABLE_HARDENED_RUNTIME = YES;
				PRODUCT_NAME = "$(TARGET_NAME)";
				SWIFT_VERSION = 5.0;
			};
			name = Debug;
		};
		76CFC8F6268D498900AACDE4 /* Release */ = {
			isa = XCBuildConfiguration;
			buildSettings = {
				CODE_SIGN_STYLE = Automatic;
				DEVELOPMENT_TEAM = P9MW78T4QB;
				ENABLE_HARDENED_RUNTIME = YES;
				PRODUCT_NAME = "$(TARGET_NAME)";
				SWIFT_VERSION = 5.0;
			};
			name = Release;
		};
/* End XCBuildConfiguration section */

/* Begin XCConfigurationList section */
		76A637F2268FE9E80013273A /* Build configuration list for PBXNativeTarget "예산" */ = {
			isa = XCConfigurationList;
			buildConfigurations = (
				76A637F0268FE9E80013273A /* Debug */,
				76A637F1268FE9E80013273A /* Release */,
			);
			defaultConfigurationIsVisible = 0;
			defaultConfigurationName = Release;
		};
		76A637FE2691AFFF0013273A /* Build configuration list for PBXNativeTarget "가운데 글자 가져오기" */ = {
			isa = XCConfigurationList;
			buildConfigurations = (
				76A637FC2691AFFF0013273A /* Debug */,
				76A637FD2691AFFF0013273A /* Release */,
			);
			defaultConfigurationIsVisible = 0;
			defaultConfigurationName = Release;
		};
		76A6380A26930A890013273A /* Build configuration list for PBXNativeTarget "키패드 누르기" */ = {
			isa = XCConfigurationList;
			buildConfigurations = (
				76A6380826930A890013273A /* Debug */,
				76A6380926930A890013273A /* Release */,
			);
			defaultConfigurationIsVisible = 0;
			defaultConfigurationName = Release;
		};
		76CFC8AD268C520100AACDE4 /* Build configuration list for PBXProject "Swift Algorithm" */ = {
			isa = XCConfigurationList;
			buildConfigurations = (
				76CFC8B7268C520200AACDE4 /* Debug */,
				76CFC8B8268C520200AACDE4 /* Release */,
			);
			defaultConfigurationIsVisible = 0;
			defaultConfigurationName = Release;
		};
		76CFC8D2268C531A00AACDE4 /* Build configuration list for PBXNativeTarget "내적" */ = {
			isa = XCConfigurationList;
			buildConfigurations = (
				76CFC8D3268C531A00AACDE4 /* Debug */,
				76CFC8D4268C531A00AACDE4 /* Release */,
			);
			defaultConfigurationIsVisible = 0;
			defaultConfigurationName = Release;
		};
		76CFC8E9268C823700AACDE4 /* Build configuration list for PBXNativeTarget "소수만들기" */ = {
			isa = XCConfigurationList;
			buildConfigurations = (
				76CFC8EA268C823700AACDE4 /* Debug */,
				76CFC8EB268C823700AACDE4 /* Release */,
			);
			defaultConfigurationIsVisible = 0;
			defaultConfigurationName = Release;
		};
		76CFC8F7268D498900AACDE4 /* Build configuration list for PBXNativeTarget "모의고사" */ = {
			isa = XCConfigurationList;
			buildConfigurations = (
				76CFC8F5268D498900AACDE4 /* Debug */,
				76CFC8F6268D498900AACDE4 /* Release */,
			);
			defaultConfigurationIsVisible = 0;
			defaultConfigurationName = Release;
		};
/* End XCConfigurationList section */
	};
	rootObject = 76CFC8AA268C520100AACDE4 /* Project object */;
}
